
Microsoft Visual Studio Solution File, Format Version 12.00
# Visual Studio Version 16
VisualStudioVersion = 16.0.29911.84
MinimumVisualStudioVersion = 10.0.40219.1
Project("{9A19103F-16F7-4668-BE54-9A1E7A4F7556}") = "01. Connecting Cables", "01. Connecting Cables\01. Connecting Cables.csproj", "{31B53CD0-27F0-47C1-B21D-30B546DAA552}"
EndProject
Project("{9A19103F-16F7-4668-BE54-9A1E7A4F7556}") = "02. Minimum Edit Distance", "02. Minimum Edit Distance\02. Minimum Edit Distance.csproj", "{0D601962-39A6-4373-B067-1DA13E5ED5B3}"
EndProject
Project("{FAE04EC0-301F-11D3-BF4B-00C04F79EFBC}") = "00. Conceptions", "00. Conceptions\00. Conceptions.csproj", "{1A6C34A0-5CE3-46B0-8CCC-EC0492546058}"
EndProject
Project("{FAE04EC0-301F-11D3-BF4B-00C04F79EFBC}") = "03. Symbol Multiplication", "03. Symbol Multiplication\03. Symbol Multiplication.csproj", "{8E924617-BF6A-4C71-AB5D-3C7EC498BB3E}"
EndProject
Global
	GlobalSection(SolutionConfigurationPlatforms) = preSolution
		Debug|Any CPU = Debug|Any CPU
		Release|Any CPU = Release|Any CPU
	EndGlobalSection
	GlobalSection(ProjectConfigurationPlatforms) = postSolution
		{31B53CD0-27F0-47C1-B21D-30B546DAA552}.Debug|Any CPU.ActiveCfg = Debug|Any CPU
		{31B53CD0-27F0-47C1-B21D-30B546DAA552}.Debug|Any CPU.Build.0 = Debug|Any CPU
		{31B53CD0-27F0-47C1-B21D-30B546DAA552}.Release|Any CPU.ActiveCfg = Release|Any CPU
		{31B53CD0-27F0-47C1-B21D-30B546DAA552}.Release|Any CPU.Build.0 = Release|Any CPU
		{0D601962-39A6-4373-B067-1DA13E5ED5B3}.Debug|Any CPU.ActiveCfg = Debug|Any CPU
		{0D601962-39A6-4373-B067-1DA13E5ED5B3}.Debug|Any CPU.Build.0 = Debug|Any CPU
		{0D601962-39A6-4373-B067-1DA13E5ED5B3}.Release|Any CPU.ActiveCfg = Release|Any CPU
		{0D601962-39A6-4373-B067-1DA13E5ED5B3}.Release|Any CPU.Build.0 = Release|Any CPU
		{1A6C34A0-5CE3-46B0-8CCC-EC0492546058}.Debug|Any CPU.ActiveCfg = Debug|Any CPU
		{1A6C34A0-5CE3-46B0-8CCC-EC0492546058}.Debug|Any CPU.Build.0 = Debug|Any CPU
		{1A6C34A0-5CE3-46B0-8CCC-EC0492546058}.Release|Any CPU.ActiveCfg = Release|Any CPU
		{1A6C34A0-5CE3-46B0-8CCC-EC0492546058}.Release|Any CPU.Build.0 = Release|Any CPU
		{8E924617-BF6A-4C71-AB5D-3C7EC498BB3E}.Debug|Any CPU.ActiveCfg = Debug|Any CPU
		{8E924617-BF6A-4C71-AB5D-3C7EC498BB3E}.Debug|Any CPU.Build.0 = Debug|Any CPU
		{8E924617-BF6A-4C71-AB5D-3C7EC498BB3E}.Release|Any CPU.ActiveCfg = Release|Any CPU
		{8E924617-BF6A-4C71-AB5D-3C7EC498BB3E}.Release|Any CPU.Build.0 = Release|Any CPU
	EndGlobalSection
	GlobalSection(SolutionProperties) = preSolution
		HideSolutionNode = FALSE
	EndGlobalSection
	GlobalSection(ExtensibilityGlobals) = postSolution
		SolutionGuid = {613C425E-3431-436B-BA2F-684E7E442176}
	EndGlobalSection
EndGlobal
