
Microsoft Visual Studio Solution File, Format Version 12.00
# Visual Studio Version 16
VisualStudioVersion = 16.0.29911.84
MinimumVisualStudioVersion = 10.0.40219.1
Project("{9A19103F-16F7-4668-BE54-9A1E7A4F7556}") = "01. String Searching", "01. String Searching\01. String Searching.csproj", "{D08E323F-BCC2-49FB-8E4F-8B2F7DCC67A9}"
EndProject
Project("{FAE04EC0-301F-11D3-BF4B-00C04F79EFBC}") = "02. Multiple Patterns String Searching", "02. Multiple Patterns String Searching\02. Multiple Patterns String Searching.csproj", "{404C5CEE-1E18-4805-9F4C-AE29E3689B88}"
EndProject
Global
	GlobalSection(SolutionConfigurationPlatforms) = preSolution
		Debug|Any CPU = Debug|Any CPU
		Release|Any CPU = Release|Any CPU
	EndGlobalSection
	GlobalSection(ProjectConfigurationPlatforms) = postSolution
		{D08E323F-BCC2-49FB-8E4F-8B2F7DCC67A9}.Debug|Any CPU.ActiveCfg = Debug|Any CPU
		{D08E323F-BCC2-49FB-8E4F-8B2F7DCC67A9}.Debug|Any CPU.Build.0 = Debug|Any CPU
		{D08E323F-BCC2-49FB-8E4F-8B2F7DCC67A9}.Release|Any CPU.ActiveCfg = Release|Any CPU
		{D08E323F-BCC2-49FB-8E4F-8B2F7DCC67A9}.Release|Any CPU.Build.0 = Release|Any CPU
		{404C5CEE-1E18-4805-9F4C-AE29E3689B88}.Debug|Any CPU.ActiveCfg = Debug|Any CPU
		{404C5CEE-1E18-4805-9F4C-AE29E3689B88}.Debug|Any CPU.Build.0 = Debug|Any CPU
		{404C5CEE-1E18-4805-9F4C-AE29E3689B88}.Release|Any CPU.ActiveCfg = Release|Any CPU
		{404C5CEE-1E18-4805-9F4C-AE29E3689B88}.Release|Any CPU.Build.0 = Release|Any CPU
	EndGlobalSection
	GlobalSection(SolutionProperties) = preSolution
		HideSolutionNode = FALSE
	EndGlobalSection
	GlobalSection(ExtensibilityGlobals) = postSolution
		SolutionGuid = {138EB5C9-0EC7-4817-820B-39A32AC527F6}
	EndGlobalSection
EndGlobal
