
Microsoft Visual Studio Solution File, Format Version 12.00
# Visual Studio Version 16
VisualStudioVersion = 16.0.29911.84
MinimumVisualStudioVersion = 10.0.40219.1
Project("{9A19103F-16F7-4668-BE54-9A1E7A4F7556}") = "Geometry.Objects", "Objects\Geometry.Objects\Geometry.Objects.csproj", "{AAD94AD2-B676-4812-BBAB-135F6A09B274}"
EndProject
Project("{9A19103F-16F7-4668-BE54-9A1E7A4F7556}") = "Geometry.Demos", "Demos\Geometry.Demos\Geometry.Demos.csproj", "{A9EDA666-2652-48D3-915E-E3935A0BE2F4}"
EndProject
Project("{9A19103F-16F7-4668-BE54-9A1E7A4F7556}") = "ClosestPairOfPoints", "ClosestPairOfPoints\ClosestPairOfPoints.csproj", "{29FB2D9D-B327-40D5-83B7-2D9F967664EE}"
EndProject
Project("{FAE04EC0-301F-11D3-BF4B-00C04F79EFBC}") = "ConvexHull", "ConvexHull\ConvexHull\ConvexHull.csproj", "{D2628C76-005B-481B-AA09-7DBFEC93E9E7}"
EndProject
Global
	GlobalSection(SolutionConfigurationPlatforms) = preSolution
		Debug|Any CPU = Debug|Any CPU
		Release|Any CPU = Release|Any CPU
	EndGlobalSection
	GlobalSection(ProjectConfigurationPlatforms) = postSolution
		{AAD94AD2-B676-4812-BBAB-135F6A09B274}.Debug|Any CPU.ActiveCfg = Debug|Any CPU
		{AAD94AD2-B676-4812-BBAB-135F6A09B274}.Debug|Any CPU.Build.0 = Debug|Any CPU
		{AAD94AD2-B676-4812-BBAB-135F6A09B274}.Release|Any CPU.ActiveCfg = Release|Any CPU
		{AAD94AD2-B676-4812-BBAB-135F6A09B274}.Release|Any CPU.Build.0 = Release|Any CPU
		{A9EDA666-2652-48D3-915E-E3935A0BE2F4}.Debug|Any CPU.ActiveCfg = Debug|Any CPU
		{A9EDA666-2652-48D3-915E-E3935A0BE2F4}.Debug|Any CPU.Build.0 = Debug|Any CPU
		{A9EDA666-2652-48D3-915E-E3935A0BE2F4}.Release|Any CPU.ActiveCfg = Release|Any CPU
		{A9EDA666-2652-48D3-915E-E3935A0BE2F4}.Release|Any CPU.Build.0 = Release|Any CPU
		{29FB2D9D-B327-40D5-83B7-2D9F967664EE}.Debug|Any CPU.ActiveCfg = Debug|Any CPU
		{29FB2D9D-B327-40D5-83B7-2D9F967664EE}.Debug|Any CPU.Build.0 = Debug|Any CPU
		{29FB2D9D-B327-40D5-83B7-2D9F967664EE}.Release|Any CPU.ActiveCfg = Release|Any CPU
		{29FB2D9D-B327-40D5-83B7-2D9F967664EE}.Release|Any CPU.Build.0 = Release|Any CPU
		{D2628C76-005B-481B-AA09-7DBFEC93E9E7}.Debug|Any CPU.ActiveCfg = Debug|Any CPU
		{D2628C76-005B-481B-AA09-7DBFEC93E9E7}.Debug|Any CPU.Build.0 = Debug|Any CPU
		{D2628C76-005B-481B-AA09-7DBFEC93E9E7}.Release|Any CPU.ActiveCfg = Release|Any CPU
		{D2628C76-005B-481B-AA09-7DBFEC93E9E7}.Release|Any CPU.Build.0 = Release|Any CPU
	EndGlobalSection
	GlobalSection(SolutionProperties) = preSolution
		HideSolutionNode = FALSE
	EndGlobalSection
	GlobalSection(ExtensibilityGlobals) = postSolution
		SolutionGuid = {2B2BC753-9056-4323-B2CB-4209D6BDD189}
	EndGlobalSection
EndGlobal
