
Microsoft Visual Studio Solution File, Format Version 12.00
# Visual Studio Version 16
VisualStudioVersion = 16.0.30002.166
MinimumVisualStudioVersion = 10.0.40219.1
Project("{FAE04EC0-301F-11D3-BF4B-00C04F79EFBC}") = "01. Parking Zones", "01. Parking Zones\01. Parking Zones.csproj", "{13E2D4A5-EBD7-4959-B95E-4D6DD95E0F02}"
EndProject
Project("{FAE04EC0-301F-11D3-BF4B-00C04F79EFBC}") = "02. Parentheses", "02. Parentheses\02. Parentheses.csproj", "{2303E470-FCE5-4CF7-A695-DFA433B919FE}"
EndProject
Global
	GlobalSection(SolutionConfigurationPlatforms) = preSolution
		Debug|Any CPU = Debug|Any CPU
		Release|Any CPU = Release|Any CPU
	EndGlobalSection
	GlobalSection(ProjectConfigurationPlatforms) = postSolution
		{13E2D4A5-EBD7-4959-B95E-4D6DD95E0F02}.Debug|Any CPU.ActiveCfg = Debug|Any CPU
		{13E2D4A5-EBD7-4959-B95E-4D6DD95E0F02}.Debug|Any CPU.Build.0 = Debug|Any CPU
		{13E2D4A5-EBD7-4959-B95E-4D6DD95E0F02}.Release|Any CPU.ActiveCfg = Release|Any CPU
		{13E2D4A5-EBD7-4959-B95E-4D6DD95E0F02}.Release|Any CPU.Build.0 = Release|Any CPU
		{2303E470-FCE5-4CF7-A695-DFA433B919FE}.Debug|Any CPU.ActiveCfg = Debug|Any CPU
		{2303E470-FCE5-4CF7-A695-DFA433B919FE}.Debug|Any CPU.Build.0 = Debug|Any CPU
		{2303E470-FCE5-4CF7-A695-DFA433B919FE}.Release|Any CPU.ActiveCfg = Release|Any CPU
		{2303E470-FCE5-4CF7-A695-DFA433B919FE}.Release|Any CPU.Build.0 = Release|Any CPU
	EndGlobalSection
	GlobalSection(SolutionProperties) = preSolution
		HideSolutionNode = FALSE
	EndGlobalSection
	GlobalSection(ExtensibilityGlobals) = postSolution
		SolutionGuid = {41300C14-2645-4F78-A8C3-5F958893E0EA}
	EndGlobalSection
EndGlobal
