
Microsoft Visual Studio Solution File, Format Version 12.00
# Visual Studio Version 16
VisualStudioVersion = 16.0.29911.84
MinimumVisualStudioVersion = 10.0.40219.1
Project("{FAE04EC0-301F-11D3-BF4B-00C04F79EFBC}") = "01. Cinema", "01. Cinema\01. Cinema.csproj", "{EEB3BDE3-F975-44D5-81AF-44C1C6D6A74D}"
EndProject
Project("{FAE04EC0-301F-11D3-BF4B-00C04F79EFBC}") = "02. Word Cruncher", "02. Word Cruncher\02. Word Cruncher.csproj", "{65D57E0A-FF07-46A5-8B7E-6E85D7BF28E0}"
EndProject
Global
	GlobalSection(SolutionConfigurationPlatforms) = preSolution
		Debug|Any CPU = Debug|Any CPU
		Release|Any CPU = Release|Any CPU
	EndGlobalSection
	GlobalSection(ProjectConfigurationPlatforms) = postSolution
		{EEB3BDE3-F975-44D5-81AF-44C1C6D6A74D}.Debug|Any CPU.ActiveCfg = Debug|Any CPU
		{EEB3BDE3-F975-44D5-81AF-44C1C6D6A74D}.Debug|Any CPU.Build.0 = Debug|Any CPU
		{EEB3BDE3-F975-44D5-81AF-44C1C6D6A74D}.Release|Any CPU.ActiveCfg = Release|Any CPU
		{EEB3BDE3-F975-44D5-81AF-44C1C6D6A74D}.Release|Any CPU.Build.0 = Release|Any CPU
		{65D57E0A-FF07-46A5-8B7E-6E85D7BF28E0}.Debug|Any CPU.ActiveCfg = Debug|Any CPU
		{65D57E0A-FF07-46A5-8B7E-6E85D7BF28E0}.Debug|Any CPU.Build.0 = Debug|Any CPU
		{65D57E0A-FF07-46A5-8B7E-6E85D7BF28E0}.Release|Any CPU.ActiveCfg = Release|Any CPU
		{65D57E0A-FF07-46A5-8B7E-6E85D7BF28E0}.Release|Any CPU.Build.0 = Release|Any CPU
	EndGlobalSection
	GlobalSection(SolutionProperties) = preSolution
		HideSolutionNode = FALSE
	EndGlobalSection
	GlobalSection(ExtensibilityGlobals) = postSolution
		SolutionGuid = {764735E2-D0D7-4835-85EE-8C63439AA565}
	EndGlobalSection
EndGlobal
