
Microsoft Visual Studio Solution File, Format Version 12.00
# Visual Studio Version 16
VisualStudioVersion = 16.0.29911.84
MinimumVisualStudioVersion = 10.0.40219.1
Project("{FAE04EC0-301F-11D3-BF4B-00C04F79EFBC}") = "01. School Teams", "01. School Teams\01. School Teams.csproj", "{EC8ACCB1-2E30-4211-8B2A-C1BF6A64A8C8}"
EndProject
Global
	GlobalSection(SolutionConfigurationPlatforms) = preSolution
		Debug|Any CPU = Debug|Any CPU
		Release|Any CPU = Release|Any CPU
	EndGlobalSection
	GlobalSection(ProjectConfigurationPlatforms) = postSolution
		{EC8ACCB1-2E30-4211-8B2A-C1BF6A64A8C8}.Debug|Any CPU.ActiveCfg = Debug|Any CPU
		{EC8ACCB1-2E30-4211-8B2A-C1BF6A64A8C8}.Debug|Any CPU.Build.0 = Debug|Any CPU
		{EC8ACCB1-2E30-4211-8B2A-C1BF6A64A8C8}.Release|Any CPU.ActiveCfg = Release|Any CPU
		{EC8ACCB1-2E30-4211-8B2A-C1BF6A64A8C8}.Release|Any CPU.Build.0 = Release|Any CPU
	EndGlobalSection
	GlobalSection(SolutionProperties) = preSolution
		HideSolutionNode = FALSE
	EndGlobalSection
	GlobalSection(ExtensibilityGlobals) = postSolution
		SolutionGuid = {1A096A38-1B3E-46D5-AD1B-1172673F58EB}
	EndGlobalSection
EndGlobal
