
Microsoft Visual Studio Solution File, Format Version 12.00
# Visual Studio Version 17
VisualStudioVersion = 17.2.32616.157
MinimumVisualStudioVersion = 10.0.40219.1
Project("{FAE04EC0-301F-11D3-BF4B-00C04F79EFBC}") = "01. TBC", "01. TBC\01. TBC.csproj", "{DC467424-9EB3-48C0-9F83-9D1686004E60}"
EndProject
Project("{FAE04EC0-301F-11D3-BF4B-00C04F79EFBC}") = "02. Socks", "02. Socks\02. Socks.csproj", "{93654CBA-7D8B-40E3-B668-9102A97B45D5}"
EndProject
Project("{FAE04EC0-301F-11D3-BF4B-00C04F79EFBC}") = "03. Path Finder", "03. Path Finder\03. Path Finder.csproj", "{0F49CCF8-39E6-45BA-8453-D03DCFF0C6A3}"
EndProject
Global
	GlobalSection(SolutionConfigurationPlatforms) = preSolution
		Debug|Any CPU = Debug|Any CPU
		Release|Any CPU = Release|Any CPU
	EndGlobalSection
	GlobalSection(ProjectConfigurationPlatforms) = postSolution
		{DC467424-9EB3-48C0-9F83-9D1686004E60}.Debug|Any CPU.ActiveCfg = Debug|Any CPU
		{DC467424-9EB3-48C0-9F83-9D1686004E60}.Debug|Any CPU.Build.0 = Debug|Any CPU
		{DC467424-9EB3-48C0-9F83-9D1686004E60}.Release|Any CPU.ActiveCfg = Release|Any CPU
		{DC467424-9EB3-48C0-9F83-9D1686004E60}.Release|Any CPU.Build.0 = Release|Any CPU
		{93654CBA-7D8B-40E3-B668-9102A97B45D5}.Debug|Any CPU.ActiveCfg = Debug|Any CPU
		{93654CBA-7D8B-40E3-B668-9102A97B45D5}.Debug|Any CPU.Build.0 = Debug|Any CPU
		{93654CBA-7D8B-40E3-B668-9102A97B45D5}.Release|Any CPU.ActiveCfg = Release|Any CPU
		{93654CBA-7D8B-40E3-B668-9102A97B45D5}.Release|Any CPU.Build.0 = Release|Any CPU
		{0F49CCF8-39E6-45BA-8453-D03DCFF0C6A3}.Debug|Any CPU.ActiveCfg = Debug|Any CPU
		{0F49CCF8-39E6-45BA-8453-D03DCFF0C6A3}.Debug|Any CPU.Build.0 = Debug|Any CPU
		{0F49CCF8-39E6-45BA-8453-D03DCFF0C6A3}.Release|Any CPU.ActiveCfg = Release|Any CPU
		{0F49CCF8-39E6-45BA-8453-D03DCFF0C6A3}.Release|Any CPU.Build.0 = Release|Any CPU
	EndGlobalSection
	GlobalSection(SolutionProperties) = preSolution
		HideSolutionNode = FALSE
	EndGlobalSection
	GlobalSection(ExtensibilityGlobals) = postSolution
		SolutionGuid = {3EC3432B-F0AA-47BF-8BF8-7C34633A9B85}
	EndGlobalSection
EndGlobal
