
Microsoft Visual Studio Solution File, Format Version 12.00
# Visual Studio Version 16
VisualStudioVersion = 16.0.29905.134
MinimumVisualStudioVersion = 10.0.40219.1
Project("{FAE04EC0-301F-11D3-BF4B-00C04F79EFBC}") = "EqualsAndGetHashCode Implementation", "EqualsAndGetHashCode Implementation\EqualsAndGetHashCode Implementation.csproj", "{2040C036-0152-40AE-97C2-3D250F90267F}"
EndProject
Project("{FAE04EC0-301F-11D3-BF4B-00C04F79EFBC}") = "EqualsAndGetHashCode", "EqualsAndGetHashCode\EqualsAndGetHashCode.csproj", "{E020CF66-ED92-4E87-8061-240E08AE5AC4}"
EndProject
Global
	GlobalSection(SolutionConfigurationPlatforms) = preSolution
		Debug|Any CPU = Debug|Any CPU
		Release|Any CPU = Release|Any CPU
	EndGlobalSection
	GlobalSection(ProjectConfigurationPlatforms) = postSolution
		{2040C036-0152-40AE-97C2-3D250F90267F}.Debug|Any CPU.ActiveCfg = Debug|Any CPU
		{2040C036-0152-40AE-97C2-3D250F90267F}.Debug|Any CPU.Build.0 = Debug|Any CPU
		{2040C036-0152-40AE-97C2-3D250F90267F}.Release|Any CPU.ActiveCfg = Release|Any CPU
		{2040C036-0152-40AE-97C2-3D250F90267F}.Release|Any CPU.Build.0 = Release|Any CPU
		{E020CF66-ED92-4E87-8061-240E08AE5AC4}.Debug|Any CPU.ActiveCfg = Debug|Any CPU
		{E020CF66-ED92-4E87-8061-240E08AE5AC4}.Debug|Any CPU.Build.0 = Debug|Any CPU
		{E020CF66-ED92-4E87-8061-240E08AE5AC4}.Release|Any CPU.ActiveCfg = Release|Any CPU
		{E020CF66-ED92-4E87-8061-240E08AE5AC4}.Release|Any CPU.Build.0 = Release|Any CPU
	EndGlobalSection
	GlobalSection(SolutionProperties) = preSolution
		HideSolutionNode = FALSE
	EndGlobalSection
	GlobalSection(ExtensibilityGlobals) = postSolution
		SolutionGuid = {53F7186C-8180-494C-B93C-65DB969706E1}
	EndGlobalSection
EndGlobal
