
Microsoft Visual Studio Solution File, Format Version 12.00
# Visual Studio Version 17
VisualStudioVersion = 17.2.32616.157
MinimumVisualStudioVersion = 10.0.40219.1
Project("{FAE04EC0-301F-11D3-BF4B-00C04F79EFBC}") = "01. Fibonacci", "01. Fibonacci\01. Fibonacci.csproj", "{D5FDCB42-FD9E-4241-A70D-FDD821E0A011}"
EndProject
Project("{FAE04EC0-301F-11D3-BF4B-00C04F79EFBC}") = "02. Move Down Right", "02. Move Down Right\02. Move Down Right.csproj", "{ABC8A6B9-6323-4F15-9233-ABF0119217E3}"
EndProject
Project("{FAE04EC0-301F-11D3-BF4B-00C04F79EFBC}") = "03. Longest Common Subsequence", "03. Longest Common Subsequence\03. Longest Common Subsequence.csproj", "{DCC40EEC-F3AE-4906-81A1-87865C1D8204}"
EndProject
Global
	GlobalSection(SolutionConfigurationPlatforms) = preSolution
		Debug|Any CPU = Debug|Any CPU
		Release|Any CPU = Release|Any CPU
	EndGlobalSection
	GlobalSection(ProjectConfigurationPlatforms) = postSolution
		{D5FDCB42-FD9E-4241-A70D-FDD821E0A011}.Debug|Any CPU.ActiveCfg = Debug|Any CPU
		{D5FDCB42-FD9E-4241-A70D-FDD821E0A011}.Debug|Any CPU.Build.0 = Debug|Any CPU
		{D5FDCB42-FD9E-4241-A70D-FDD821E0A011}.Release|Any CPU.ActiveCfg = Release|Any CPU
		{D5FDCB42-FD9E-4241-A70D-FDD821E0A011}.Release|Any CPU.Build.0 = Release|Any CPU
		{ABC8A6B9-6323-4F15-9233-ABF0119217E3}.Debug|Any CPU.ActiveCfg = Debug|Any CPU
		{ABC8A6B9-6323-4F15-9233-ABF0119217E3}.Debug|Any CPU.Build.0 = Debug|Any CPU
		{ABC8A6B9-6323-4F15-9233-ABF0119217E3}.Release|Any CPU.ActiveCfg = Release|Any CPU
		{ABC8A6B9-6323-4F15-9233-ABF0119217E3}.Release|Any CPU.Build.0 = Release|Any CPU
		{DCC40EEC-F3AE-4906-81A1-87865C1D8204}.Debug|Any CPU.ActiveCfg = Debug|Any CPU
		{DCC40EEC-F3AE-4906-81A1-87865C1D8204}.Debug|Any CPU.Build.0 = Debug|Any CPU
		{DCC40EEC-F3AE-4906-81A1-87865C1D8204}.Release|Any CPU.ActiveCfg = Release|Any CPU
		{DCC40EEC-F3AE-4906-81A1-87865C1D8204}.Release|Any CPU.Build.0 = Release|Any CPU
	EndGlobalSection
	GlobalSection(SolutionProperties) = preSolution
		HideSolutionNode = FALSE
	EndGlobalSection
	GlobalSection(ExtensibilityGlobals) = postSolution
		SolutionGuid = {CBDA1982-EE58-438E-933E-F40ECFAA872E}
	EndGlobalSection
EndGlobal
