
Microsoft Visual Studio Solution File, Format Version 12.00
# Visual Studio Version 16
VisualStudioVersion = 16.0.29806.167
MinimumVisualStudioVersion = 10.0.40219.1
Project("{FAE04EC0-301F-11D3-BF4B-00C04F79EFBC}") = "01. Sorting", "01. Sorting\01. Sorting.csproj", "{6C92AC34-CB8B-4B05-A016-C19A36D38ABB}"
EndProject
Project("{FAE04EC0-301F-11D3-BF4B-00C04F79EFBC}") = "02. Searching", "02. Searching\02. Searching.csproj", "{3C8A5F6E-36E3-43B9-982B-3C1A49AFB1A9}"
EndProject
Project("{FAE04EC0-301F-11D3-BF4B-00C04F79EFBC}") = "03. Inversion Count", "03. Inversion Count\03. Inversion Count.csproj", "{5B5E416C-9FBF-4B65-9177-2D75DDB702C0}"
EndProject
Project("{FAE04EC0-301F-11D3-BF4B-00C04F79EFBC}") = "04. Needles", "04. Needles\04. Needles.csproj", "{E1C78813-CDDE-4827-A9CF-0B4D433E961C}"
EndProject
Project("{FAE04EC0-301F-11D3-BF4B-00C04F79EFBC}") = "05. Words", "05. Words\05. Words.csproj", "{FCA93A6D-E045-4D27-BABF-C27770392372}"
EndProject
Global
	GlobalSection(SolutionConfigurationPlatforms) = preSolution
		Debug|Any CPU = Debug|Any CPU
		Release|Any CPU = Release|Any CPU
	EndGlobalSection
	GlobalSection(ProjectConfigurationPlatforms) = postSolution
		{6C92AC34-CB8B-4B05-A016-C19A36D38ABB}.Debug|Any CPU.ActiveCfg = Debug|Any CPU
		{6C92AC34-CB8B-4B05-A016-C19A36D38ABB}.Debug|Any CPU.Build.0 = Debug|Any CPU
		{6C92AC34-CB8B-4B05-A016-C19A36D38ABB}.Release|Any CPU.ActiveCfg = Release|Any CPU
		{6C92AC34-CB8B-4B05-A016-C19A36D38ABB}.Release|Any CPU.Build.0 = Release|Any CPU
		{3C8A5F6E-36E3-43B9-982B-3C1A49AFB1A9}.Debug|Any CPU.ActiveCfg = Debug|Any CPU
		{3C8A5F6E-36E3-43B9-982B-3C1A49AFB1A9}.Debug|Any CPU.Build.0 = Debug|Any CPU
		{3C8A5F6E-36E3-43B9-982B-3C1A49AFB1A9}.Release|Any CPU.ActiveCfg = Release|Any CPU
		{3C8A5F6E-36E3-43B9-982B-3C1A49AFB1A9}.Release|Any CPU.Build.0 = Release|Any CPU
		{5B5E416C-9FBF-4B65-9177-2D75DDB702C0}.Debug|Any CPU.ActiveCfg = Debug|Any CPU
		{5B5E416C-9FBF-4B65-9177-2D75DDB702C0}.Debug|Any CPU.Build.0 = Debug|Any CPU
		{5B5E416C-9FBF-4B65-9177-2D75DDB702C0}.Release|Any CPU.ActiveCfg = Release|Any CPU
		{5B5E416C-9FBF-4B65-9177-2D75DDB702C0}.Release|Any CPU.Build.0 = Release|Any CPU
		{E1C78813-CDDE-4827-A9CF-0B4D433E961C}.Debug|Any CPU.ActiveCfg = Debug|Any CPU
		{E1C78813-CDDE-4827-A9CF-0B4D433E961C}.Debug|Any CPU.Build.0 = Debug|Any CPU
		{E1C78813-CDDE-4827-A9CF-0B4D433E961C}.Release|Any CPU.ActiveCfg = Release|Any CPU
		{E1C78813-CDDE-4827-A9CF-0B4D433E961C}.Release|Any CPU.Build.0 = Release|Any CPU
		{FCA93A6D-E045-4D27-BABF-C27770392372}.Debug|Any CPU.ActiveCfg = Debug|Any CPU
		{FCA93A6D-E045-4D27-BABF-C27770392372}.Debug|Any CPU.Build.0 = Debug|Any CPU
		{FCA93A6D-E045-4D27-BABF-C27770392372}.Release|Any CPU.ActiveCfg = Release|Any CPU
		{FCA93A6D-E045-4D27-BABF-C27770392372}.Release|Any CPU.Build.0 = Release|Any CPU
	EndGlobalSection
	GlobalSection(SolutionProperties) = preSolution
		HideSolutionNode = FALSE
	EndGlobalSection
	GlobalSection(ExtensibilityGlobals) = postSolution
		SolutionGuid = {085D0C23-7776-4FFA-AE3C-DF145BAABAF9}
	EndGlobalSection
EndGlobal
