
Microsoft Visual Studio Solution File, Format Version 12.00
# Visual Studio Version 16
VisualStudioVersion = 16.0.30002.166
MinimumVisualStudioVersion = 10.0.40219.1
Project("{FAE04EC0-301F-11D3-BF4B-00C04F79EFBC}") = "01. Shortest Path in Matrix", "01. Shortest Path in Matrix\01. Shortest Path in Matrix.csproj", "{84835922-8650-44F9-A949-28DB5D444C2D}"
EndProject
Project("{FAE04EC0-301F-11D3-BF4B-00C04F79EFBC}") = "02. Rectangle Intersection", "02. Rectangle Intersection\02. Rectangle Intersection.csproj", "{2AD8BB89-85D5-4E57-AA5F-505B8D757C43}"
EndProject
Global
	GlobalSection(SolutionConfigurationPlatforms) = preSolution
		Debug|Any CPU = Debug|Any CPU
		Release|Any CPU = Release|Any CPU
	EndGlobalSection
	GlobalSection(ProjectConfigurationPlatforms) = postSolution
		{84835922-8650-44F9-A949-28DB5D444C2D}.Debug|Any CPU.ActiveCfg = Debug|Any CPU
		{84835922-8650-44F9-A949-28DB5D444C2D}.Debug|Any CPU.Build.0 = Debug|Any CPU
		{84835922-8650-44F9-A949-28DB5D444C2D}.Release|Any CPU.ActiveCfg = Release|Any CPU
		{84835922-8650-44F9-A949-28DB5D444C2D}.Release|Any CPU.Build.0 = Release|Any CPU
		{2AD8BB89-85D5-4E57-AA5F-505B8D757C43}.Debug|Any CPU.ActiveCfg = Debug|Any CPU
		{2AD8BB89-85D5-4E57-AA5F-505B8D757C43}.Debug|Any CPU.Build.0 = Debug|Any CPU
		{2AD8BB89-85D5-4E57-AA5F-505B8D757C43}.Release|Any CPU.ActiveCfg = Release|Any CPU
		{2AD8BB89-85D5-4E57-AA5F-505B8D757C43}.Release|Any CPU.Build.0 = Release|Any CPU
	EndGlobalSection
	GlobalSection(SolutionProperties) = preSolution
		HideSolutionNode = FALSE
	EndGlobalSection
	GlobalSection(ExtensibilityGlobals) = postSolution
		SolutionGuid = {F062400A-6F8B-4D01-BEA2-1DA59898AE61}
	EndGlobalSection
EndGlobal
