
Microsoft Visual Studio Solution File, Format Version 12.00
# Visual Studio Version 16
VisualStudioVersion = 16.0.29905.134
MinimumVisualStudioVersion = 10.0.40219.1
Project("{FAE04EC0-301F-11D3-BF4B-00C04F79EFBC}") = "IComparable Implementation", "IComparable Implementation\IComparable Implementation.csproj", "{C6AF425B-5605-4C30-8F8A-A0B2B54A383D}"
EndProject
Project("{FAE04EC0-301F-11D3-BF4B-00C04F79EFBC}") = "IComparable", "IComparable\IComparable.csproj", "{9C7A57FA-56FC-4F98-91DE-EBAF3FE0B9E2}"
EndProject
Global
	GlobalSection(SolutionConfigurationPlatforms) = preSolution
		Debug|Any CPU = Debug|Any CPU
		Release|Any CPU = Release|Any CPU
	EndGlobalSection
	GlobalSection(ProjectConfigurationPlatforms) = postSolution
		{C6AF425B-5605-4C30-8F8A-A0B2B54A383D}.Debug|Any CPU.ActiveCfg = Debug|Any CPU
		{C6AF425B-5605-4C30-8F8A-A0B2B54A383D}.Debug|Any CPU.Build.0 = Debug|Any CPU
		{C6AF425B-5605-4C30-8F8A-A0B2B54A383D}.Release|Any CPU.ActiveCfg = Release|Any CPU
		{C6AF425B-5605-4C30-8F8A-A0B2B54A383D}.Release|Any CPU.Build.0 = Release|Any CPU
		{9C7A57FA-56FC-4F98-91DE-EBAF3FE0B9E2}.Debug|Any CPU.ActiveCfg = Debug|Any CPU
		{9C7A57FA-56FC-4F98-91DE-EBAF3FE0B9E2}.Debug|Any CPU.Build.0 = Debug|Any CPU
		{9C7A57FA-56FC-4F98-91DE-EBAF3FE0B9E2}.Release|Any CPU.ActiveCfg = Release|Any CPU
		{9C7A57FA-56FC-4F98-91DE-EBAF3FE0B9E2}.Release|Any CPU.Build.0 = Release|Any CPU
	EndGlobalSection
	GlobalSection(SolutionProperties) = preSolution
		HideSolutionNode = FALSE
	EndGlobalSection
	GlobalSection(ExtensibilityGlobals) = postSolution
		SolutionGuid = {3823D3E0-6DD8-46CD-84E4-DF2BBC7F5120}
	EndGlobalSection
EndGlobal
