
Microsoft Visual Studio Solution File, Format Version 12.00
# Visual Studio Version 17
VisualStudioVersion = 17.2.32616.157
MinimumVisualStudioVersion = 10.0.40219.1
Project("{FAE04EC0-301F-11D3-BF4B-00C04F79EFBC}") = "01. Connected Components", "01. Connected Components\01. Connected Components.csproj", "{D3C72D27-5F3B-4311-B158-DB74123ADED4}"
EndProject
Project("{FAE04EC0-301F-11D3-BF4B-00C04F79EFBC}") = "02. Topological Sorting", "02. Topological Sorting\02. Topological Sorting.csproj", "{72EA381C-26AD-480E-9A49-4A05A3DB6A8F}"
EndProject
Project("{FAE04EC0-301F-11D3-BF4B-00C04F79EFBC}") = "03. Shortest Path", "03. Shortest Path\03. Shortest Path.csproj", "{AB92398B-C116-448C-ACE2-D36B006B6324}"
EndProject
Global
	GlobalSection(SolutionConfigurationPlatforms) = preSolution
		Debug|Any CPU = Debug|Any CPU
		Release|Any CPU = Release|Any CPU
	EndGlobalSection
	GlobalSection(ProjectConfigurationPlatforms) = postSolution
		{D3C72D27-5F3B-4311-B158-DB74123ADED4}.Debug|Any CPU.ActiveCfg = Debug|Any CPU
		{D3C72D27-5F3B-4311-B158-DB74123ADED4}.Debug|Any CPU.Build.0 = Debug|Any CPU
		{D3C72D27-5F3B-4311-B158-DB74123ADED4}.Release|Any CPU.ActiveCfg = Release|Any CPU
		{D3C72D27-5F3B-4311-B158-DB74123ADED4}.Release|Any CPU.Build.0 = Release|Any CPU
		{72EA381C-26AD-480E-9A49-4A05A3DB6A8F}.Debug|Any CPU.ActiveCfg = Debug|Any CPU
		{72EA381C-26AD-480E-9A49-4A05A3DB6A8F}.Debug|Any CPU.Build.0 = Debug|Any CPU
		{72EA381C-26AD-480E-9A49-4A05A3DB6A8F}.Release|Any CPU.ActiveCfg = Release|Any CPU
		{72EA381C-26AD-480E-9A49-4A05A3DB6A8F}.Release|Any CPU.Build.0 = Release|Any CPU
		{AB92398B-C116-448C-ACE2-D36B006B6324}.Debug|Any CPU.ActiveCfg = Debug|Any CPU
		{AB92398B-C116-448C-ACE2-D36B006B6324}.Debug|Any CPU.Build.0 = Debug|Any CPU
		{AB92398B-C116-448C-ACE2-D36B006B6324}.Release|Any CPU.ActiveCfg = Release|Any CPU
		{AB92398B-C116-448C-ACE2-D36B006B6324}.Release|Any CPU.Build.0 = Release|Any CPU
	EndGlobalSection
	GlobalSection(SolutionProperties) = preSolution
		HideSolutionNode = FALSE
	EndGlobalSection
	GlobalSection(ExtensibilityGlobals) = postSolution
		SolutionGuid = {26321684-6A54-43E3-8AEE-01E7CC0F9ABA}
	EndGlobalSection
EndGlobal
