
Microsoft Visual Studio Solution File, Format Version 12.00
# Visual Studio Version 16
VisualStudioVersion = 16.0.29911.84
MinimumVisualStudioVersion = 10.0.40219.1
Project("{FAE04EC0-301F-11D3-BF4B-00C04F79EFBC}") = "01. Knapsack", "01. Knapsack\01. Knapsack.csproj", "{ECE93046-834E-4EFA-B34B-2DFC6364BC98}"
EndProject
Project("{FAE04EC0-301F-11D3-BF4B-00C04F79EFBC}") = "02. Subset Sum", "02. Subset Sum\02. Subset Sum.csproj", "{905A2C82-25AC-4A2C-B84B-3D2E12A76BED}"
EndProject
Project("{FAE04EC0-301F-11D3-BF4B-00C04F79EFBC}") = "03. Subset Sum With Repetition", "03. Subset Sum With Repetition\03. Subset Sum With Repetition.csproj", "{879EFB13-9C23-4DFC-9593-B804EF4DDD20}"
EndProject
Project("{FAE04EC0-301F-11D3-BF4B-00C04F79EFBC}") = "04. Longest Common Subsequence", "04. Longest Common Subsequence\04. Longest Common Subsequence.csproj", "{CBF2C6BC-CB43-4A0E-8074-2D7147B62D81}"
EndProject
Global
	GlobalSection(SolutionConfigurationPlatforms) = preSolution
		Debug|Any CPU = Debug|Any CPU
		Release|Any CPU = Release|Any CPU
	EndGlobalSection
	GlobalSection(ProjectConfigurationPlatforms) = postSolution
		{ECE93046-834E-4EFA-B34B-2DFC6364BC98}.Debug|Any CPU.ActiveCfg = Debug|Any CPU
		{ECE93046-834E-4EFA-B34B-2DFC6364BC98}.Debug|Any CPU.Build.0 = Debug|Any CPU
		{ECE93046-834E-4EFA-B34B-2DFC6364BC98}.Release|Any CPU.ActiveCfg = Release|Any CPU
		{ECE93046-834E-4EFA-B34B-2DFC6364BC98}.Release|Any CPU.Build.0 = Release|Any CPU
		{905A2C82-25AC-4A2C-B84B-3D2E12A76BED}.Debug|Any CPU.ActiveCfg = Debug|Any CPU
		{905A2C82-25AC-4A2C-B84B-3D2E12A76BED}.Debug|Any CPU.Build.0 = Debug|Any CPU
		{905A2C82-25AC-4A2C-B84B-3D2E12A76BED}.Release|Any CPU.ActiveCfg = Release|Any CPU
		{905A2C82-25AC-4A2C-B84B-3D2E12A76BED}.Release|Any CPU.Build.0 = Release|Any CPU
		{879EFB13-9C23-4DFC-9593-B804EF4DDD20}.Debug|Any CPU.ActiveCfg = Debug|Any CPU
		{879EFB13-9C23-4DFC-9593-B804EF4DDD20}.Debug|Any CPU.Build.0 = Debug|Any CPU
		{879EFB13-9C23-4DFC-9593-B804EF4DDD20}.Release|Any CPU.ActiveCfg = Release|Any CPU
		{879EFB13-9C23-4DFC-9593-B804EF4DDD20}.Release|Any CPU.Build.0 = Release|Any CPU
		{CBF2C6BC-CB43-4A0E-8074-2D7147B62D81}.Debug|Any CPU.ActiveCfg = Debug|Any CPU
		{CBF2C6BC-CB43-4A0E-8074-2D7147B62D81}.Debug|Any CPU.Build.0 = Debug|Any CPU
		{CBF2C6BC-CB43-4A0E-8074-2D7147B62D81}.Release|Any CPU.ActiveCfg = Release|Any CPU
		{CBF2C6BC-CB43-4A0E-8074-2D7147B62D81}.Release|Any CPU.Build.0 = Release|Any CPU
	EndGlobalSection
	GlobalSection(SolutionProperties) = preSolution
		HideSolutionNode = FALSE
	EndGlobalSection
	GlobalSection(ExtensibilityGlobals) = postSolution
		SolutionGuid = {31847328-FA48-4292-A0F3-43139E2B368C}
	EndGlobalSection
EndGlobal
