
Microsoft Visual Studio Solution File, Format Version 12.00
# Visual Studio Version 16
VisualStudioVersion = 16.0.29920.165
MinimumVisualStudioVersion = 10.0.40219.1
Project("{FAE04EC0-301F-11D3-BF4B-00C04F79EFBC}") = "01. Maximum Tasks Assignment", "01. Maximum Tasks Assignment\01. Maximum Tasks Assignment.csproj", "{EC2E0341-79B8-45FE-BF3F-1990B5F6CC6E}"
EndProject
Project("{FAE04EC0-301F-11D3-BF4B-00C04F79EFBC}") = "02. Find Bi-Connected Components", "02. Find Bi-Connected Components\02. Find Bi-Connected Components.csproj", "{09361ABB-B838-49D5-B315-0D6C89A133FD}"
EndProject
Global
	GlobalSection(SolutionConfigurationPlatforms) = preSolution
		Debug|Any CPU = Debug|Any CPU
		Release|Any CPU = Release|Any CPU
	EndGlobalSection
	GlobalSection(ProjectConfigurationPlatforms) = postSolution
		{EC2E0341-79B8-45FE-BF3F-1990B5F6CC6E}.Debug|Any CPU.ActiveCfg = Debug|Any CPU
		{EC2E0341-79B8-45FE-BF3F-1990B5F6CC6E}.Debug|Any CPU.Build.0 = Debug|Any CPU
		{EC2E0341-79B8-45FE-BF3F-1990B5F6CC6E}.Release|Any CPU.ActiveCfg = Release|Any CPU
		{EC2E0341-79B8-45FE-BF3F-1990B5F6CC6E}.Release|Any CPU.Build.0 = Release|Any CPU
		{09361ABB-B838-49D5-B315-0D6C89A133FD}.Debug|Any CPU.ActiveCfg = Debug|Any CPU
		{09361ABB-B838-49D5-B315-0D6C89A133FD}.Debug|Any CPU.Build.0 = Debug|Any CPU
		{09361ABB-B838-49D5-B315-0D6C89A133FD}.Release|Any CPU.ActiveCfg = Release|Any CPU
		{09361ABB-B838-49D5-B315-0D6C89A133FD}.Release|Any CPU.Build.0 = Release|Any CPU
	EndGlobalSection
	GlobalSection(SolutionProperties) = preSolution
		HideSolutionNode = FALSE
	EndGlobalSection
	GlobalSection(ExtensibilityGlobals) = postSolution
		SolutionGuid = {5A4D38EB-C440-4828-B121-52BE9EA5E93A}
	EndGlobalSection
EndGlobal
