
Microsoft Visual Studio Solution File, Format Version 12.00
# Visual Studio Version 16
VisualStudioVersion = 16.0.30002.166
MinimumVisualStudioVersion = 10.0.40219.1
Project("{FAE04EC0-301F-11D3-BF4B-00C04F79EFBC}") = "01. Blocks", "01. Blocks\01. Blocks.csproj", "{D7445899-6E94-44D9-B417-BF3D89BAF22D}"
EndProject
Project("{FAE04EC0-301F-11D3-BF4B-00C04F79EFBC}") = "02. Zigzag Matrix", "02. Zigzag Matrix\02. Zigzag Matrix.csproj", "{F4131CC8-C8B0-4F98-B441-0A285FE80B36}"
EndProject
Global
	GlobalSection(SolutionConfigurationPlatforms) = preSolution
		Debug|Any CPU = Debug|Any CPU
		Release|Any CPU = Release|Any CPU
	EndGlobalSection
	GlobalSection(ProjectConfigurationPlatforms) = postSolution
		{D7445899-6E94-44D9-B417-BF3D89BAF22D}.Debug|Any CPU.ActiveCfg = Debug|Any CPU
		{D7445899-6E94-44D9-B417-BF3D89BAF22D}.Debug|Any CPU.Build.0 = Debug|Any CPU
		{D7445899-6E94-44D9-B417-BF3D89BAF22D}.Release|Any CPU.ActiveCfg = Release|Any CPU
		{D7445899-6E94-44D9-B417-BF3D89BAF22D}.Release|Any CPU.Build.0 = Release|Any CPU
		{F4131CC8-C8B0-4F98-B441-0A285FE80B36}.Debug|Any CPU.ActiveCfg = Debug|Any CPU
		{F4131CC8-C8B0-4F98-B441-0A285FE80B36}.Debug|Any CPU.Build.0 = Debug|Any CPU
		{F4131CC8-C8B0-4F98-B441-0A285FE80B36}.Release|Any CPU.ActiveCfg = Release|Any CPU
		{F4131CC8-C8B0-4F98-B441-0A285FE80B36}.Release|Any CPU.Build.0 = Release|Any CPU
	EndGlobalSection
	GlobalSection(SolutionProperties) = preSolution
		HideSolutionNode = FALSE
	EndGlobalSection
	GlobalSection(ExtensibilityGlobals) = postSolution
		SolutionGuid = {2FE75416-287E-42C3-B7BF-8B5B41B27A4C}
	EndGlobalSection
EndGlobal
