
Microsoft Visual Studio Solution File, Format Version 12.00
# Visual Studio Version 16
VisualStudioVersion = 16.0.29920.165
MinimumVisualStudioVersion = 10.0.40219.1
Project("{FAE04EC0-301F-11D3-BF4B-00C04F79EFBC}") = "01. Minimal Spanning Tree", "01. Minimal Spanning Tree\01. Minimal Spanning Tree.csproj", "{44A1E013-81ED-4D1D-82AC-57723671A434}"
EndProject
Project("{FAE04EC0-301F-11D3-BF4B-00C04F79EFBC}") = "02. Dijkstra's Shortest Path", "02. Dijkstra's Shortest Path\02. Dijkstra's Shortest Path.csproj", "{C8BCEE76-24E9-4353-8F2D-285195F48667}"
EndProject
Global
	GlobalSection(SolutionConfigurationPlatforms) = preSolution
		Debug|Any CPU = Debug|Any CPU
		Release|Any CPU = Release|Any CPU
	EndGlobalSection
	GlobalSection(ProjectConfigurationPlatforms) = postSolution
		{44A1E013-81ED-4D1D-82AC-57723671A434}.Debug|Any CPU.ActiveCfg = Debug|Any CPU
		{44A1E013-81ED-4D1D-82AC-57723671A434}.Debug|Any CPU.Build.0 = Debug|Any CPU
		{44A1E013-81ED-4D1D-82AC-57723671A434}.Release|Any CPU.ActiveCfg = Release|Any CPU
		{44A1E013-81ED-4D1D-82AC-57723671A434}.Release|Any CPU.Build.0 = Release|Any CPU
		{C8BCEE76-24E9-4353-8F2D-285195F48667}.Debug|Any CPU.ActiveCfg = Debug|Any CPU
		{C8BCEE76-24E9-4353-8F2D-285195F48667}.Debug|Any CPU.Build.0 = Debug|Any CPU
		{C8BCEE76-24E9-4353-8F2D-285195F48667}.Release|Any CPU.ActiveCfg = Release|Any CPU
		{C8BCEE76-24E9-4353-8F2D-285195F48667}.Release|Any CPU.Build.0 = Release|Any CPU
	EndGlobalSection
	GlobalSection(SolutionProperties) = preSolution
		HideSolutionNode = FALSE
	EndGlobalSection
	GlobalSection(ExtensibilityGlobals) = postSolution
		SolutionGuid = {E6F7A338-79DE-4805-967F-59CD3890B472}
	EndGlobalSection
EndGlobal
